// !$*UTF8*$!
{
	archiveVersion = 1;
	classes = {
	};
	objectVersion = 46;
	objects = {

/* Begin PBXBuildFile section */
		691B9C0918BBE1D00073F01F /* AEHeaderView.m in Sources */ = {isa = PBXBuildFile; fileRef = 691B9C0818BBE1D00073F01F /* AEHeaderView.m */; };
		691B9C1018BC2C790073F01F /* AEModuleFFLViewController.m in Sources */ = {isa = PBXBuildFile; fileRef = 691B9C0E18BC2C790073F01F /* AEModuleFFLViewController.m */; };
		691B9C1418BC2CC90073F01F /* AEModuleFFL.xib in Resources */ = {isa = PBXBuildFile; fileRef = 691B9C1218BC2CC90073F01F /* AEModuleFFL.xib */; };
		6992E9F018BDF72200EE155E /* AEModuleSelectViewController.m in Sources */ = {isa = PBXBuildFile; fileRef = 6992E9EE18BDF72200EE155E /* AEModuleSelectViewController.m */; };
		6992E9F518BDF82A00EE155E /* AEModuleSelect.xib in Resources */ = {isa = PBXBuildFile; fileRef = 6992E9F318BDF82A00EE155E /* AEModuleSelect.xib */; };
		699F21BA18B5CCC1006F527B /* CHCSVParser.m in Sources */ = {isa = PBXBuildFile; fileRef = 699F21B918B5CCC1006F527B /* CHCSVParser.m */; };
		699F21C618B5DF2F006F527B /* AEAppDelegate.m in Sources */ = {isa = PBXBuildFile; fileRef = 699F21BD18B5DF2F006F527B /* AEAppDelegate.m */; };
		699F21C718B5DF2F006F527B /* AEPlayer.m in Sources */ = {isa = PBXBuildFile; fileRef = 699F21BF18B5DF2F006F527B /* AEPlayer.m */; };
		699F21C818B5DF2F006F527B /* AEPlayerCard.m in Sources */ = {isa = PBXBuildFile; fileRef = 699F21C118B5DF2F006F527B /* AEPlayerCard.m */; };
		699F21C918B5DF2F006F527B /* AEFFLSceneView.m in Sources */ = {isa = PBXBuildFile; fileRef = 699F21C318B5DF2F006F527B /* AEFFLSceneView.m */; };
		699F21CA18B5DF2F006F527B /* AEUtility.m in Sources */ = {isa = PBXBuildFile; fileRef = 699F21C518B5DF2F006F527B /* AEUtility.m */; };
		699F21CD18B5DF4E006F527B /* AETeam.m in Sources */ = {isa = PBXBuildFile; fileRef = 699F21CC18B5DF4E006F527B /* AETeam.m */; };
		699F21D118B6DED4006F527B /* PC Team Logos in Resources */ = {isa = PBXBuildFile; fileRef = 699F21D018B6DED4006F527B /* PC Team Logos */; };
		699F21D318B6FC6E006F527B /* PC Headshots in Resources */ = {isa = PBXBuildFile; fileRef = 699F21D218B6FC6E006F527B /* PC Headshots */; };
		69BFE8FB18B95CF700DE5164 /* Images in Resources */ = {isa = PBXBuildFile; fileRef = 69BFE8F918B95CF700DE5164 /* Images */; };
		69BFE8FC18B95CF700DE5164 /* Movies in Resources */ = {isa = PBXBuildFile; fileRef = 69BFE8FA18B95CF700DE5164 /* Movies */; };
		69C11C0318BC499D00E2AD0B /* AEModuleSelectView.m in Sources */ = {isa = PBXBuildFile; fileRef = 69C11C0218BC499D00E2AD0B /* AEModuleSelectView.m */; };
		69C11C0618BC6A6400E2AD0B /* AEModule.m in Sources */ = {isa = PBXBuildFile; fileRef = 69C11C0518BC6A6400E2AD0B /* AEModule.m */; };
		69D3C29D18B97F5D00A0641F /* AEButton.m in Sources */ = {isa = PBXBuildFile; fileRef = 69D3C29C18B97F5D00A0641F /* AEButton.m */; };
		69DB538118AA26D40083754B /* Cocoa.framework in Frameworks */ = {isa = PBXBuildFile; fileRef = 69DB538018AA26D40083754B /* Cocoa.framework */; };
		69DB538B18AA26D40083754B /* InfoPlist.strings in Resources */ = {isa = PBXBuildFile; fileRef = 69DB538918AA26D40083754B /* InfoPlist.strings */; };
		69DB538D18AA26D40083754B /* main.m in Sources */ = {isa = PBXBuildFile; fileRef = 69DB538C18AA26D40083754B /* main.m */; };
		69DB539118AA26D40083754B /* Credits.rtf in Resources */ = {isa = PBXBuildFile; fileRef = 69DB538F18AA26D40083754B /* Credits.rtf */; };
		69DB539718AA26D40083754B /* MainMenu.xib in Resources */ = {isa = PBXBuildFile; fileRef = 69DB539518AA26D40083754B /* MainMenu.xib */; };
		69DB539918AA26D40083754B /* Images.xcassets in Resources */ = {isa = PBXBuildFile; fileRef = 69DB539818AA26D40083754B /* Images.xcassets */; };
		69DB53A018AA26D50083754B /* XCTest.framework in Frameworks */ = {isa = PBXBuildFile; fileRef = 69DB539F18AA26D50083754B /* XCTest.framework */; };
		69DB53A118AA26D50083754B /* Cocoa.framework in Frameworks */ = {isa = PBXBuildFile; fileRef = 69DB538018AA26D40083754B /* Cocoa.framework */; };
		69DB53A918AA26D50083754B /* InfoPlist.strings in Resources */ = {isa = PBXBuildFile; fileRef = 69DB53A718AA26D50083754B /* InfoPlist.strings */; };
		69DB53AB18AA26D50083754B /* SceneKitTestTests.m in Sources */ = {isa = PBXBuildFile; fileRef = 69DB53AA18AA26D50083754B /* SceneKitTestTests.m */; };
		69DB53B518AA26FF0083754B /* SceneKit.framework in Frameworks */ = {isa = PBXBuildFile; fileRef = 69DB53B418AA26FF0083754B /* SceneKit.framework */; };
		69DB53B718AA27060083754B /* QuartzCore.framework in Frameworks */ = {isa = PBXBuildFile; fileRef = 69DB53B618AA27060083754B /* QuartzCore.framework */; };
		69F0FB1318BAFFAF00169F0C /* Fonts in Resources */ = {isa = PBXBuildFile; fileRef = 69F0FB1218BAFFAF00169F0C /* Fonts */; };
		69F0FB1518BAFFF600169F0C /* Data in Resources */ = {isa = PBXBuildFile; fileRef = 69F0FB1418BAFFF600169F0C /* Data */; };
		69F0FB1818BB325900169F0C /* AEPlayerPickSet.m in Sources */ = {isa = PBXBuildFile; fileRef = 69F0FB1718BB325900169F0C /* AEPlayerPickSet.m */; };
/* End PBXBuildFile section */

/* Begin PBXContainerItemProxy section */
		69DB53A218AA26D50083754B /* PBXContainerItemProxy */ = {
			isa = PBXContainerItemProxy;
			containerPortal = 69DB537518AA26D40083754B /* Project object */;
			proxyType = 1;
			remoteGlobalIDString = 69DB537C18AA26D40083754B;
			remoteInfo = SceneKitTest;
		};
/* End PBXContainerItemProxy section */

/* Begin PBXFileReference section */
		691B9C0718BBE1D00073F01F /* AEHeaderView.h */ = {isa = PBXFileReference; fileEncoding = 4; lastKnownFileType = sourcecode.c.h; name = AEHeaderView.h; path = Classes/AEHeaderView.h; sourceTree = "<group>"; };
		691B9C0818BBE1D00073F01F /* AEHeaderView.m */ = {isa = PBXFileReference; fileEncoding = 4; lastKnownFileType = sourcecode.c.objc; name = AEHeaderView.m; path = Classes/AEHeaderView.m; sourceTree = "<group>"; };
		691B9C0D18BC2C790073F01F /* AEModuleFFLViewController.h */ = {isa = PBXFileReference; fileEncoding = 4; lastKnownFileType = sourcecode.c.h; name = AEModuleFFLViewController.h; path = Classes/AEModuleFFLViewController.h; sourceTree = "<group>"; };
		691B9C0E18BC2C790073F01F /* AEModuleFFLViewController.m */ = {isa = PBXFileReference; fileEncoding = 4; lastKnownFileType = sourcecode.c.objc; name = AEModuleFFLViewController.m; path = Classes/AEModuleFFLViewController.m; sourceTree = "<group>"; };
		691B9C1318BC2CC90073F01F /* Base */ = {isa = PBXFileReference; lastKnownFileType = file.xib; name = Base; path = Base.lproj/AEModuleFFL.xib; sourceTree = "<group>"; };
		6992E9ED18BDF72200EE155E /* AEModuleSelectViewController.h */ = {isa = PBXFileReference; fileEncoding = 4; lastKnownFileType = sourcecode.c.h; name = AEModuleSelectViewController.h; path = Classes/AEModuleSelectViewController.h; sourceTree = "<group>"; };
		6992E9EE18BDF72200EE155E /* AEModuleSelectViewController.m */ = {isa = PBXFileReference; fileEncoding = 4; lastKnownFileType = sourcecode.c.objc; name = AEModuleSelectViewController.m; path = Classes/AEModuleSelectViewController.m; sourceTree = "<group>"; };
		6992E9F218BDF80600EE155E /* AEGeometry.h */ = {isa = PBXFileReference; fileEncoding = 4; lastKnownFileType = sourcecode.c.h; name = AEGeometry.h; path = Classes/AEGeometry.h; sourceTree = "<group>"; };
		6992E9F418BDF82A00EE155E /* Base */ = {isa = PBXFileReference; lastKnownFileType = file.xib; name = Base; path = Base.lproj/AEModuleSelect.xib; sourceTree = "<group>"; };
		699F21B818B5CCC1006F527B /* CHCSVParser.h */ = {isa = PBXFileReference; fileEncoding = 4; lastKnownFileType = sourcecode.c.h; path = CHCSVParser.h; sourceTree = "<group>"; };
		699F21B918B5CCC1006F527B /* CHCSVParser.m */ = {isa = PBXFileReference; fileEncoding = 4; lastKnownFileType = sourcecode.c.objc; path = CHCSVParser.m; sourceTree = "<group>"; };
		699F21BC18B5DF2F006F527B /* AEAppDelegate.h */ = {isa = PBXFileReference; fileEncoding = 4; lastKnownFileType = sourcecode.c.h; name = AEAppDelegate.h; path = Classes/AEAppDelegate.h; sourceTree = "<group>"; };
		699F21BD18B5DF2F006F527B /* AEAppDelegate.m */ = {isa = PBXFileReference; fileEncoding = 4; lastKnownFileType = sourcecode.c.objc; name = AEAppDelegate.m; path = Classes/AEAppDelegate.m; sourceTree = "<group>"; };
		699F21BE18B5DF2F006F527B /* AEPlayer.h */ = {isa = PBXFileReference; fileEncoding = 4; lastKnownFileType = sourcecode.c.h; name = AEPlayer.h; path = Classes/AEPlayer.h; sourceTree = "<group>"; };
		699F21BF18B5DF2F006F527B /* AEPlayer.m */ = {isa = PBXFileReference; fileEncoding = 4; lastKnownFileType = sourcecode.c.objc; name = AEPlayer.m; path = Classes/AEPlayer.m; sourceTree = "<group>"; };
		699F21C018B5DF2F006F527B /* AEPlayerCard.h */ = {isa = PBXFileReference; fileEncoding = 4; lastKnownFileType = sourcecode.c.h; name = AEPlayerCard.h; path = Classes/AEPlayerCard.h; sourceTree = "<group>"; };
		699F21C118B5DF2F006F527B /* AEPlayerCard.m */ = {isa = PBXFileReference; fileEncoding = 4; lastKnownFileType = sourcecode.c.objc; name = AEPlayerCard.m; path = Classes/AEPlayerCard.m; sourceTree = "<group>"; };
		699F21C218B5DF2F006F527B /* AEFFLSceneView.h */ = {isa = PBXFileReference; fileEncoding = 4; lastKnownFileType = sourcecode.c.h; name = AEFFLSceneView.h; path = Classes/AEFFLSceneView.h; sourceTree = "<group>"; };
		699F21C318B5DF2F006F527B /* AEFFLSceneView.m */ = {isa = PBXFileReference; fileEncoding = 4; lastKnownFileType = sourcecode.c.objc; name = AEFFLSceneView.m; path = Classes/AEFFLSceneView.m; sourceTree = "<group>"; };
		699F21C418B5DF2F006F527B /* AEUtility.h */ = {isa = PBXFileReference; fileEncoding = 4; lastKnownFileType = sourcecode.c.h; name = AEUtility.h; path = Classes/AEUtility.h; sourceTree = "<group>"; };
		699F21C518B5DF2F006F527B /* AEUtility.m */ = {isa = PBXFileReference; fileEncoding = 4; lastKnownFileType = sourcecode.c.objc; name = AEUtility.m; path = Classes/AEUtility.m; sourceTree = "<group>"; };
		699F21CB18B5DF4E006F527B /* AETeam.h */ = {isa = PBXFileReference; fileEncoding = 4; lastKnownFileType = sourcecode.c.h; name = AETeam.h; path = Classes/AETeam.h; sourceTree = "<group>"; };
		699F21CC18B5DF4E006F527B /* AETeam.m */ = {isa = PBXFileReference; fileEncoding = 4; lastKnownFileType = sourcecode.c.objc; name = AETeam.m; path = Classes/AETeam.m; sourceTree = "<group>"; };
		699F21D018B6DED4006F527B /* PC Team Logos */ = {isa = PBXFileReference; lastKnownFileType = folder; name = "PC Team Logos"; path = "Resources/PC Team Logos"; sourceTree = "<group>"; };
		699F21D218B6FC6E006F527B /* PC Headshots */ = {isa = PBXFileReference; lastKnownFileType = folder; name = "PC Headshots"; path = "Resources/PC Headshots"; sourceTree = "<group>"; };
		69BFE8F918B95CF700DE5164 /* Images */ = {isa = PBXFileReference; lastKnownFileType = folder; name = Images; path = Resources/Images; sourceTree = "<group>"; };
		69BFE8FA18B95CF700DE5164 /* Movies */ = {isa = PBXFileReference; lastKnownFileType = folder; name = Movies; path = Resources/Movies; sourceTree = "<group>"; };
		69C11C0118BC499D00E2AD0B /* AEModuleSelectView.h */ = {isa = PBXFileReference; fileEncoding = 4; lastKnownFileType = sourcecode.c.h; name = AEModuleSelectView.h; path = Classes/AEModuleSelectView.h; sourceTree = "<group>"; };
		69C11C0218BC499D00E2AD0B /* AEModuleSelectView.m */ = {isa = PBXFileReference; fileEncoding = 4; lastKnownFileType = sourcecode.c.objc; name = AEModuleSelectView.m; path = Classes/AEModuleSelectView.m; sourceTree = "<group>"; };
		69C11C0418BC6A6300E2AD0B /* AEModule.h */ = {isa = PBXFileReference; fileEncoding = 4; lastKnownFileType = sourcecode.c.h; name = AEModule.h; path = Classes/AEModule.h; sourceTree = "<group>"; };
		69C11C0518BC6A6400E2AD0B /* AEModule.m */ = {isa = PBXFileReference; fileEncoding = 4; lastKnownFileType = sourcecode.c.objc; name = AEModule.m; path = Classes/AEModule.m; sourceTree = "<group>"; };
		69D3C29B18B97F5D00A0641F /* AEButton.h */ = {isa = PBXFileReference; fileEncoding = 4; lastKnownFileType = sourcecode.c.h; name = AEButton.h; path = Classes/AEButton.h; sourceTree = "<group>"; };
		69D3C29C18B97F5D00A0641F /* AEButton.m */ = {isa = PBXFileReference; fileEncoding = 4; lastKnownFileType = sourcecode.c.objc; name = AEButton.m; path = Classes/AEButton.m; sourceTree = "<group>"; };
		69DB537D18AA26D40083754B /* DataCaster.app */ = {isa = PBXFileReference; explicitFileType = wrapper.application; includeInIndex = 0; path = DataCaster.app; sourceTree = BUILT_PRODUCTS_DIR; };
		69DB538018AA26D40083754B /* Cocoa.framework */ = {isa = PBXFileReference; lastKnownFileType = wrapper.framework; name = Cocoa.framework; path = System/Library/Frameworks/Cocoa.framework; sourceTree = SDKROOT; };
		69DB538318AA26D40083754B /* AppKit.framework */ = {isa = PBXFileReference; lastKnownFileType = wrapper.framework; name = AppKit.framework; path = System/Library/Frameworks/AppKit.framework; sourceTree = SDKROOT; };
		69DB538418AA26D40083754B /* CoreData.framework */ = {isa = PBXFileReference; lastKnownFileType = wrapper.framework; name = CoreData.framework; path = System/Library/Frameworks/CoreData.framework; sourceTree = SDKROOT; };
		69DB538518AA26D40083754B /* Foundation.framework */ = {isa = PBXFileReference; lastKnownFileType = wrapper.framework; name = Foundation.framework; path = System/Library/Frameworks/Foundation.framework; sourceTree = SDKROOT; };
		69DB538818AA26D40083754B /* SceneKitTest-Info.plist */ = {isa = PBXFileReference; lastKnownFileType = text.plist.xml; path = "SceneKitTest-Info.plist"; sourceTree = "<group>"; };
		69DB538A18AA26D40083754B /* en */ = {isa = PBXFileReference; lastKnownFileType = text.plist.strings; name = en; path = en.lproj/InfoPlist.strings; sourceTree = "<group>"; };
		69DB538C18AA26D40083754B /* main.m */ = {isa = PBXFileReference; lastKnownFileType = sourcecode.c.objc; path = main.m; sourceTree = "<group>"; };
		69DB538E18AA26D40083754B /* SceneKitTest-Prefix.pch */ = {isa = PBXFileReference; lastKnownFileType = sourcecode.c.h; path = "SceneKitTest-Prefix.pch"; sourceTree = "<group>"; };
		69DB539018AA26D40083754B /* en */ = {isa = PBXFileReference; lastKnownFileType = text.rtf; name = en; path = en.lproj/Credits.rtf; sourceTree = "<group>"; };
		69DB539618AA26D40083754B /* Base */ = {isa = PBXFileReference; lastKnownFileType = file.xib; name = Base; path = Base.lproj/MainMenu.xib; sourceTree = "<group>"; };
		69DB539818AA26D40083754B /* Images.xcassets */ = {isa = PBXFileReference; lastKnownFileType = folder.assetcatalog; path = Images.xcassets; sourceTree = "<group>"; };
		69DB539E18AA26D50083754B /* SceneKitTestTests.xctest */ = {isa = PBXFileReference; explicitFileType = wrapper.cfbundle; includeInIndex = 0; name = SceneKitTestTests.xctest; path = DataCasterTests.xctest; sourceTree = BUILT_PRODUCTS_DIR; };
		69DB539F18AA26D50083754B /* XCTest.framework */ = {isa = PBXFileReference; lastKnownFileType = wrapper.framework; name = XCTest.framework; path = Library/Frameworks/XCTest.framework; sourceTree = DEVELOPER_DIR; };
		69DB53A618AA26D50083754B /* SceneKitTestTests-Info.plist */ = {isa = PBXFileReference; lastKnownFileType = text.plist.xml; path = "SceneKitTestTests-Info.plist"; sourceTree = "<group>"; };
		69DB53A818AA26D50083754B /* en */ = {isa = PBXFileReference; lastKnownFileType = text.plist.strings; name = en; path = en.lproj/InfoPlist.strings; sourceTree = "<group>"; };
		69DB53AA18AA26D50083754B /* SceneKitTestTests.m */ = {isa = PBXFileReference; lastKnownFileType = sourcecode.c.objc; path = SceneKitTestTests.m; sourceTree = "<group>"; };
		69DB53B418AA26FF0083754B /* SceneKit.framework */ = {isa = PBXFileReference; lastKnownFileType = wrapper.framework; name = SceneKit.framework; path = System/Library/Frameworks/SceneKit.framework; sourceTree = SDKROOT; };
		69DB53B618AA27060083754B /* QuartzCore.framework */ = {isa = PBXFileReference; lastKnownFileType = wrapper.framework; name = QuartzCore.framework; path = System/Library/Frameworks/QuartzCore.framework; sourceTree = SDKROOT; };
		69F0FB1218BAFFAF00169F0C /* Fonts */ = {isa = PBXFileReference; lastKnownFileType = folder; name = Fonts; path = Resources/Fonts; sourceTree = "<group>"; };
		69F0FB1418BAFFF600169F0C /* Data */ = {isa = PBXFileReference; lastKnownFileType = folder; name = Data; path = Resources/Data; sourceTree = "<group>"; };
		69F0FB1618BB325900169F0C /* AEPlayerPickSet.h */ = {isa = PBXFileReference; fileEncoding = 4; lastKnownFileType = sourcecode.c.h; name = AEPlayerPickSet.h; path = Classes/AEPlayerPickSet.h; sourceTree = "<group>"; };
		69F0FB1718BB325900169F0C /* AEPlayerPickSet.m */ = {isa = PBXFileReference; fileEncoding = 4; lastKnownFileType = sourcecode.c.objc; name = AEPlayerPickSet.m; path = Classes/AEPlayerPickSet.m; sourceTree = "<group>"; };
/* End PBXFileReference section */

/* Begin PBXFrameworksBuildPhase section */
		69DB537A18AA26D40083754B /* Frameworks */ = {
			isa = PBXFrameworksBuildPhase;
			buildActionMask = 2147483647;
			files = (
				69DB53B718AA27060083754B /* QuartzCore.framework in Frameworks */,
				69DB53B518AA26FF0083754B /* SceneKit.framework in Frameworks */,
				69DB538118AA26D40083754B /* Cocoa.framework in Frameworks */,
			);
			runOnlyForDeploymentPostprocessing = 0;
		};
		69DB539B18AA26D50083754B /* Frameworks */ = {
			isa = PBXFrameworksBuildPhase;
			buildActionMask = 2147483647;
			files = (
				69DB53A118AA26D50083754B /* Cocoa.framework in Frameworks */,
				69DB53A018AA26D50083754B /* XCTest.framework in Frameworks */,
			);
			runOnlyForDeploymentPostprocessing = 0;
		};
/* End PBXFrameworksBuildPhase section */

/* Begin PBXGroup section */
		690A3FC418BD57880067F6E2 /* Module Select */ = {
			isa = PBXGroup;
			children = (
				69C11C0418BC6A6300E2AD0B /* AEModule.h */,
				69C11C0518BC6A6400E2AD0B /* AEModule.m */,
				69C11C0118BC499D00E2AD0B /* AEModuleSelectView.h */,
				69C11C0218BC499D00E2AD0B /* AEModuleSelectView.m */,
				6992E9ED18BDF72200EE155E /* AEModuleSelectViewController.h */,
				6992E9EE18BDF72200EE155E /* AEModuleSelectViewController.m */,
			);
			name = "Module Select";
			sourceTree = "<group>";
		};
		690A3FC518BD57930067F6E2 /* FFL Module */ = {
			isa = PBXGroup;
			children = (
				699F21C218B5DF2F006F527B /* AEFFLSceneView.h */,
				699F21C318B5DF2F006F527B /* AEFFLSceneView.m */,
				691B9C0718BBE1D00073F01F /* AEHeaderView.h */,
				691B9C0818BBE1D00073F01F /* AEHeaderView.m */,
				691B9C0D18BC2C790073F01F /* AEModuleFFLViewController.h */,
				691B9C0E18BC2C790073F01F /* AEModuleFFLViewController.m */,
				699F21BE18B5DF2F006F527B /* AEPlayer.h */,
				699F21BF18B5DF2F006F527B /* AEPlayer.m */,
				699F21C018B5DF2F006F527B /* AEPlayerCard.h */,
				699F21C118B5DF2F006F527B /* AEPlayerCard.m */,
				69F0FB1618BB325900169F0C /* AEPlayerPickSet.h */,
				69F0FB1718BB325900169F0C /* AEPlayerPickSet.m */,
				699F21CB18B5DF4E006F527B /* AETeam.h */,
				699F21CC18B5DF4E006F527B /* AETeam.m */,
			);
			name = "FFL Module";
			sourceTree = "<group>";
		};
		699F21B618B5CCA3006F527B /* External Libraries */ = {
			isa = PBXGroup;
			children = (
				699F21B718B5CCC1006F527B /* CHCSVParser */,
			);
			name = "External Libraries";
			sourceTree = "<group>";
		};
		699F21B718B5CCC1006F527B /* CHCSVParser */ = {
			isa = PBXGroup;
			children = (
				699F21B818B5CCC1006F527B /* CHCSVParser.h */,
				699F21B918B5CCC1006F527B /* CHCSVParser.m */,
			);
			name = CHCSVParser;
			path = "External Libraries/CHCSVParser";
			sourceTree = "<group>";
		};
		69DB537418AA26D40083754B = {
			isa = PBXGroup;
			children = (
				69DB538618AA26D40083754B /* SceneKitTest */,
				69DB53A418AA26D50083754B /* SceneKitTestTests */,
				69DB537F18AA26D40083754B /* Frameworks */,
				69DB537E18AA26D40083754B /* Products */,
			);
			sourceTree = "<group>";
		};
		69DB537E18AA26D40083754B /* Products */ = {
			isa = PBXGroup;
			children = (
				69DB537D18AA26D40083754B /* DataCaster.app */,
				69DB539E18AA26D50083754B /* SceneKitTestTests.xctest */,
			);
			name = Products;
			sourceTree = "<group>";
		};
		69DB537F18AA26D40083754B /* Frameworks */ = {
			isa = PBXGroup;
			children = (
				69DB53B618AA27060083754B /* QuartzCore.framework */,
				69DB53B418AA26FF0083754B /* SceneKit.framework */,
				69DB538018AA26D40083754B /* Cocoa.framework */,
				69DB539F18AA26D50083754B /* XCTest.framework */,
				69DB538218AA26D40083754B /* Other Frameworks */,
			);
			name = Frameworks;
			sourceTree = "<group>";
		};
		69DB538218AA26D40083754B /* Other Frameworks */ = {
			isa = PBXGroup;
			children = (
				69DB538318AA26D40083754B /* AppKit.framework */,
				69DB538418AA26D40083754B /* CoreData.framework */,
				69DB538518AA26D40083754B /* Foundation.framework */,
			);
			name = "Other Frameworks";
			sourceTree = "<group>";
		};
		69DB538618AA26D40083754B /* SceneKitTest */ = {
			isa = PBXGroup;
			children = (
				69EAF46A18B4D0E100515D17 /* Classes */,
				699F21B618B5CCA3006F527B /* External Libraries */,
				69EAF44718B45C5800515D17 /* Resources */,
				69DB539518AA26D40083754B /* MainMenu.xib */,
				691B9C1218BC2CC90073F01F /* AEModuleFFL.xib */,
				6992E9F318BDF82A00EE155E /* AEModuleSelect.xib */,
				69DB539818AA26D40083754B /* Images.xcassets */,
				69DB538918AA26D40083754B /* InfoPlist.strings */,
				69DB538718AA26D40083754B /* Supporting Files */,
			);
			path = SceneKitTest;
			sourceTree = "<group>";
		};
		69DB538718AA26D40083754B /* Supporting Files */ = {
			isa = PBXGroup;
			children = (
				69DB538818AA26D40083754B /* SceneKitTest-Info.plist */,
				69DB538C18AA26D40083754B /* main.m */,
				69DB538E18AA26D40083754B /* SceneKitTest-Prefix.pch */,
				69DB538F18AA26D40083754B /* Credits.rtf */,
			);
			name = "Supporting Files";
			sourceTree = "<group>";
		};
		69DB53A418AA26D50083754B /* SceneKitTestTests */ = {
			isa = PBXGroup;
			children = (
				69DB53AA18AA26D50083754B /* SceneKitTestTests.m */,
				69DB53A518AA26D50083754B /* Supporting Files */,
			);
			path = SceneKitTestTests;
			sourceTree = "<group>";
		};
		69DB53A518AA26D50083754B /* Supporting Files */ = {
			isa = PBXGroup;
			children = (
				69DB53A618AA26D50083754B /* SceneKitTestTests-Info.plist */,
				69DB53A718AA26D50083754B /* InfoPlist.strings */,
			);
			name = "Supporting Files";
			sourceTree = "<group>";
		};
		69EAF44718B45C5800515D17 /* Resources */ = {
			isa = PBXGroup;
			children = (
				69F0FB1418BAFFF600169F0C /* Data */,
				69F0FB1218BAFFAF00169F0C /* Fonts */,
				69BFE8F918B95CF700DE5164 /* Images */,
				69BFE8FA18B95CF700DE5164 /* Movies */,
				699F21D218B6FC6E006F527B /* PC Headshots */,
				699F21D018B6DED4006F527B /* PC Team Logos */,
			);
			name = Resources;
			sourceTree = "<group>";
		};
		69EAF46A18B4D0E100515D17 /* Classes */ = {
			isa = PBXGroup;
			children = (
				690A3FC418BD57880067F6E2 /* Module Select */,
				690A3FC518BD57930067F6E2 /* FFL Module */,
				699F21BC18B5DF2F006F527B /* AEAppDelegate.h */,
				699F21BD18B5DF2F006F527B /* AEAppDelegate.m */,
				69D3C29B18B97F5D00A0641F /* AEButton.h */,
				69D3C29C18B97F5D00A0641F /* AEButton.m */,
				6992E9F218BDF80600EE155E /* AEGeometry.h */,
				699F21C418B5DF2F006F527B /* AEUtility.h */,
				699F21C518B5DF2F006F527B /* AEUtility.m */,
			);
			name = Classes;
			sourceTree = "<group>";
		};
/* End PBXGroup section */

/* Begin PBXNativeTarget section */
		69DB537C18AA26D40083754B /* DataCaster */ = {
			isa = PBXNativeTarget;
			buildConfigurationList = 69DB53AE18AA26D50083754B /* Build configuration list for PBXNativeTarget "DataCaster" */;
			buildPhases = (
				69DB537918AA26D40083754B /* Sources */,
				69DB537A18AA26D40083754B /* Frameworks */,
				69DB537B18AA26D40083754B /* Resources */,
			);
			buildRules = (
			);
			dependencies = (
			);
			name = DataCaster;
			productName = SceneKitTest;
			productReference = 69DB537D18AA26D40083754B /* DataCaster.app */;
			productType = "com.apple.product-type.application";
		};
		69DB539D18AA26D50083754B /* DataCasterTests */ = {
			isa = PBXNativeTarget;
			buildConfigurationList = 69DB53B118AA26D50083754B /* Build configuration list for PBXNativeTarget "DataCasterTests" */;
			buildPhases = (
				69DB539A18AA26D50083754B /* Sources */,
				69DB539B18AA26D50083754B /* Frameworks */,
				69DB539C18AA26D50083754B /* Resources */,
			);
			buildRules = (
			);
			dependencies = (
				69DB53A318AA26D50083754B /* PBXTargetDependency */,
			);
			name = DataCasterTests;
			productName = SceneKitTestTests;
			productReference = 69DB539E18AA26D50083754B /* SceneKitTestTests.xctest */;
			productType = "com.apple.product-type.bundle.unit-test";
		};
/* End PBXNativeTarget section */

/* Begin PBXProject section */
		69DB537518AA26D40083754B /* Project object */ = {
			isa = PBXProject;
			attributes = {
				CLASSPREFIX = AE;
				LastUpgradeCheck = 0500;
				ORGANIZATIONNAME = "App Easel";
				TargetAttributes = {
					69DB539D18AA26D50083754B = {
						TestTargetID = 69DB537C18AA26D40083754B;
					};
				};
			};
			buildConfigurationList = 69DB537818AA26D40083754B /* Build configuration list for PBXProject "DataCaster" */;
			compatibilityVersion = "Xcode 3.2";
			developmentRegion = English;
			hasScannedForEncodings = 0;
			knownRegions = (
				en,
				Base,
			);
			mainGroup = 69DB537418AA26D40083754B;
			productRefGroup = 69DB537E18AA26D40083754B /* Products */;
			projectDirPath = "";
			projectRoot = "";
			targets = (
				69DB537C18AA26D40083754B /* DataCaster */,
				69DB539D18AA26D50083754B /* DataCasterTests */,
			);
		};
/* End PBXProject section */

/* Begin PBXResourcesBuildPhase section */
		69DB537B18AA26D40083754B /* Resources */ = {
			isa = PBXResourcesBuildPhase;
			buildActionMask = 2147483647;
			files = (
				69BFE8FC18B95CF700DE5164 /* Movies in Resources */,
				69BFE8FB18B95CF700DE5164 /* Images in Resources */,
				69F0FB1518BAFFF600169F0C /* Data in Resources */,
				6992E9F518BDF82A00EE155E /* AEModuleSelect.xib in Resources */,
				691B9C1418BC2CC90073F01F /* AEModuleFFL.xib in Resources */,
				69DB538B18AA26D40083754B /* InfoPlist.strings in Resources */,
				69F0FB1318BAFFAF00169F0C /* Fonts in Resources */,
				69DB539918AA26D40083754B /* Images.xcassets in Resources */,
				699F21D118B6DED4006F527B /* PC Team Logos in Resources */,
				69DB539118AA26D40083754B /* Credits.rtf in Resources */,
				69DB539718AA26D40083754B /* MainMenu.xib in Resources */,
				699F21D318B6FC6E006F527B /* PC Headshots in Resources */,
			);
			runOnlyForDeploymentPostprocessing = 0;
		};
		69DB539C18AA26D50083754B /* Resources */ = {
			isa = PBXResourcesBuildPhase;
			buildActionMask = 2147483647;
			files = (
				69DB53A918AA26D50083754B /* InfoPlist.strings in Resources */,
			);
			runOnlyForDeploymentPostprocessing = 0;
		};
/* End PBXResourcesBuildPhase section */

/* Begin PBXSourcesBuildPhase section */
		69DB537918AA26D40083754B /* Sources */ = {
			isa = PBXSourcesBuildPhase;
			buildActionMask = 2147483647;
			files = (
				699F21CD18B5DF4E006F527B /* AETeam.m in Sources */,
				699F21CA18B5DF2F006F527B /* AEUtility.m in Sources */,
				69C11C0618BC6A6400E2AD0B /* AEModule.m in Sources */,
				6992E9F018BDF72200EE155E /* AEModuleSelectViewController.m in Sources */,
				69F0FB1818BB325900169F0C /* AEPlayerPickSet.m in Sources */,
				699F21BA18B5CCC1006F527B /* CHCSVParser.m in Sources */,
				691B9C1018BC2C790073F01F /* AEModuleFFLViewController.m in Sources */,
				69D3C29D18B97F5D00A0641F /* AEButton.m in Sources */,
				699F21C818B5DF2F006F527B /* AEPlayerCard.m in Sources */,
				691B9C0918BBE1D00073F01F /* AEHeaderView.m in Sources */,
				69DB538D18AA26D40083754B /* main.m in Sources */,
				699F21C618B5DF2F006F527B /* AEAppDelegate.m in Sources */,
				699F21C718B5DF2F006F527B /* AEPlayer.m in Sources */,
				69C11C0318BC499D00E2AD0B /* AEModuleSelectView.m in Sources */,
				699F21C918B5DF2F006F527B /* AEFFLSceneView.m in Sources */,
			);
			runOnlyForDeploymentPostprocessing = 0;
		};
		69DB539A18AA26D50083754B /* Sources */ = {
			isa = PBXSourcesBuildPhase;
			buildActionMask = 2147483647;
			files = (
				69DB53AB18AA26D50083754B /* SceneKitTestTests.m in Sources */,
			);
			runOnlyForDeploymentPostprocessing = 0;
		};
/* End PBXSourcesBuildPhase section */

/* Begin PBXTargetDependency section */
		69DB53A318AA26D50083754B /* PBXTargetDependency */ = {
			isa = PBXTargetDependency;
			target = 69DB537C18AA26D40083754B /* DataCaster */;
			targetProxy = 69DB53A218AA26D50083754B /* PBXContainerItemProxy */;
		};
/* End PBXTargetDependency section */

/* Begin PBXVariantGroup section */
		691B9C1218BC2CC90073F01F /* AEModuleFFL.xib */ = {
			isa = PBXVariantGroup;
			children = (
				691B9C1318BC2CC90073F01F /* Base */,
			);
			name = AEModuleFFL.xib;
			sourceTree = "<group>";
		};
		6992E9F318BDF82A00EE155E /* AEModuleSelect.xib */ = {
			isa = PBXVariantGroup;
			children = (
				6992E9F418BDF82A00EE155E /* Base */,
			);
			name = AEModuleSelect.xib;
			sourceTree = "<group>";
		};
		69DB538918AA26D40083754B /* InfoPlist.strings */ = {
			isa = PBXVariantGroup;
			children = (
				69DB538A18AA26D40083754B /* en */,
			);
			name = InfoPlist.strings;
			sourceTree = "<group>";
		};
		69DB538F18AA26D40083754B /* Credits.rtf */ = {
			isa = PBXVariantGroup;
			children = (
				69DB539018AA26D40083754B /* en */,
			);
			name = Credits.rtf;
			sourceTree = "<group>";
		};
		69DB539518AA26D40083754B /* MainMenu.xib */ = {
			isa = PBXVariantGroup;
			children = (
				69DB539618AA26D40083754B /* Base */,
			);
			name = MainMenu.xib;
			sourceTree = "<group>";
		};
		69DB53A718AA26D50083754B /* InfoPlist.strings */ = {
			isa = PBXVariantGroup;
			children = (
				69DB53A818AA26D50083754B /* en */,
			);
			name = InfoPlist.strings;
			sourceTree = "<group>";
		};
/* End PBXVariantGroup section */

/* Begin XCBuildConfiguration section */
		69DB53AC18AA26D50083754B /* Debug */ = {
			isa = XCBuildConfiguration;
			buildSettings = {
				ALWAYS_SEARCH_USER_PATHS = NO;
				CLANG_CXX_LANGUAGE_STANDARD = "gnu++0x";
				CLANG_CXX_LIBRARY = "libc++";
				CLANG_ENABLE_OBJC_ARC = YES;
				CLANG_WARN_BOOL_CONVERSION = YES;
				CLANG_WARN_CONSTANT_CONVERSION = YES;
				CLANG_WARN_DIRECT_OBJC_ISA_USAGE = YES_ERROR;
				CLANG_WARN_EMPTY_BODY = YES;
				CLANG_WARN_ENUM_CONVERSION = YES;
				CLANG_WARN_INT_CONVERSION = YES;
				CLANG_WARN_OBJC_ROOT_CLASS = YES_ERROR;
				CLANG_WARN__DUPLICATE_METHOD_MATCH = YES;
				COPY_PHASE_STRIP = NO;
				GCC_C_LANGUAGE_STANDARD = gnu99;
				GCC_DYNAMIC_NO_PIC = NO;
				GCC_ENABLE_OBJC_EXCEPTIONS = YES;
				GCC_OPTIMIZATION_LEVEL = 0;
				GCC_PREPROCESSOR_DEFINITIONS = (
					"DEBUG=1",
					"$(inherited)",
				);
				GCC_SYMBOLS_PRIVATE_EXTERN = NO;
				GCC_WARN_64_TO_32_BIT_CONVERSION = YES;
				GCC_WARN_ABOUT_RETURN_TYPE = YES_ERROR;
				GCC_WARN_UNDECLARED_SELECTOR = YES;
				GCC_WARN_UNINITIALIZED_AUTOS = YES;
				GCC_WARN_UNUSED_FUNCTION = YES;
				GCC_WARN_UNUSED_VARIABLE = YES;
				MACOSX_DEPLOYMENT_TARGET = 10.9;
				ONLY_ACTIVE_ARCH = YES;
				SDKROOT = macosx;
			};
			name = Debug;
		};
		69DB53AD18AA26D50083754B /* Release */ = {
			isa = XCBuildConfiguration;
			buildSettings = {
				ALWAYS_SEARCH_USER_PATHS = NO;
				CLANG_CXX_LANGUAGE_STANDARD = "gnu++0x";
				CLANG_CXX_LIBRARY = "libc++";
				CLANG_ENABLE_OBJC_ARC = YES;
				CLANG_WARN_BOOL_CONVERSION = YES;
				CLANG_WARN_CONSTANT_CONVERSION = YES;
				CLANG_WARN_DIRECT_OBJC_ISA_USAGE = YES_ERROR;
				CLANG_WARN_EMPTY_BODY = YES;
				CLANG_WARN_ENUM_CONVERSION = YES;
				CLANG_WARN_INT_CONVERSION = YES;
				CLANG_WARN_OBJC_ROOT_CLASS = YES_ERROR;
				CLANG_WARN__DUPLICATE_METHOD_MATCH = YES;
				COPY_PHASE_STRIP = YES;
				DEBUG_INFORMATION_FORMAT = "dwarf-with-dsym";
				ENABLE_NS_ASSERTIONS = NO;
				GCC_C_LANGUAGE_STANDARD = gnu99;
				GCC_ENABLE_OBJC_EXCEPTIONS = YES;
				GCC_WARN_64_TO_32_BIT_CONVERSION = YES;
				GCC_WARN_ABOUT_RETURN_TYPE = YES_ERROR;
				GCC_WARN_UNDECLARED_SELECTOR = YES;
				GCC_WARN_UNINITIALIZED_AUTOS = YES;
				GCC_WARN_UNUSED_FUNCTION = YES;
				GCC_WARN_UNUSED_VARIABLE = YES;
				MACOSX_DEPLOYMENT_TARGET = 10.9;
				SDKROOT = macosx;
			};
			name = Release;
		};
		69DB53AF18AA26D50083754B /* Debug */ = {
			isa = XCBuildConfiguration;
			buildSettings = {
				ASSETCATALOG_COMPILER_APPICON_NAME = AppIcon;
				COMBINE_HIDPI_IMAGES = YES;
				GCC_PRECOMPILE_PREFIX_HEADER = YES;
				GCC_PREFIX_HEADER = "SceneKitTest/SceneKitTest-Prefix.pch";
				GCC_WARN_UNDECLARED_SELECTOR = NO;
				INFOPLIST_FILE = "SceneKitTest/SceneKitTest-Info.plist";
				MACOSX_DEPLOYMENT_TARGET = 10.9;
				PRODUCT_NAME = "$(TARGET_NAME)";
				WRAPPER_EXTENSION = app;
			};
			name = Debug;
		};
		69DB53B018AA26D50083754B /* Release */ = {
			isa = XCBuildConfiguration;
			buildSettings = {
				ASSETCATALOG_COMPILER_APPICON_NAME = AppIcon;
				COMBINE_HIDPI_IMAGES = YES;
				GCC_PRECOMPILE_PREFIX_HEADER = YES;
				GCC_PREFIX_HEADER = "SceneKitTest/SceneKitTest-Prefix.pch";
				GCC_WARN_UNDECLARED_SELECTOR = NO;
				INFOPLIST_FILE = "SceneKitTest/SceneKitTest-Info.plist";
				MACOSX_DEPLOYMENT_TARGET = 10.9;
				PRODUCT_NAME = "$(TARGET_NAME)";
				WRAPPER_EXTENSION = app;
			};
			name = Release;
		};
		69DB53B218AA26D50083754B /* Debug */ = {
			isa = XCBuildConfiguration;
			buildSettings = {
				BUNDLE_LOADER = "$(BUILT_PRODUCTS_DIR)/SceneKitTest.app/Contents/MacOS/SceneKitTest";
				COMBINE_HIDPI_IMAGES = YES;
				FRAMEWORK_SEARCH_PATHS = (
					"$(DEVELOPER_FRAMEWORKS_DIR)",
					"$(inherited)",
				);
				GCC_PRECOMPILE_PREFIX_HEADER = YES;
				GCC_PREFIX_HEADER = "SceneKitTest/SceneKitTest-Prefix.pch";
				GCC_PREPROCESSOR_DEFINITIONS = (
					"DEBUG=1",
					"$(inherited)",
				);
				INFOPLIST_FILE = "SceneKitTestTests/SceneKitTestTests-Info.plist";
				PRODUCT_NAME = "$(TARGET_NAME)";
				TEST_HOST = "$(BUNDLE_LOADER)";
				WRAPPER_EXTENSION = xctest;
			};
			name = Debug;
		};
		69DB53B318AA26D50083754B /* Release */ = {
			isa = XCBuildConfiguration;
			buildSettings = {
				BUNDLE_LOADER = "$(BUILT_PRODUCTS_DIR)/SceneKitTest.app/Contents/MacOS/SceneKitTest";
				COMBINE_HIDPI_IMAGES = YES;
				FRAMEWORK_SEARCH_PATHS = (
					"$(DEVELOPER_FRAMEWORKS_DIR)",
					"$(inherited)",
				);
				GCC_PRECOMPILE_PREFIX_HEADER = YES;
				GCC_PREFIX_HEADER = "SceneKitTest/SceneKitTest-Prefix.pch";
				INFOPLIST_FILE = "SceneKitTestTests/SceneKitTestTests-Info.plist";
				PRODUCT_NAME = "$(TARGET_NAME)";
				TEST_HOST = "$(BUNDLE_LOADER)";
				WRAPPER_EXTENSION = xctest;
			};
			name = Release;
		};
/* End XCBuildConfiguration section */

/* Begin XCConfigurationList section */
		69DB537818AA26D40083754B /* Build configuration list for PBXProject "DataCaster" */ = {
			isa = XCConfigurationList;
			buildConfigurations = (
				69DB53AC18AA26D50083754B /* Debug */,
				69DB53AD18AA26D50083754B /* Release */,
			);
			defaultConfigurationIsVisible = 0;
			defaultConfigurationName = Release;
		};
		69DB53AE18AA26D50083754B /* Build configuration list for PBXNativeTarget "DataCaster" */ = {
			isa = XCConfigurationList;
			buildConfigurations = (
				69DB53AF18AA26D50083754B /* Debug */,
				69DB53B018AA26D50083754B /* Release */,
			);
			defaultConfigurationIsVisible = 0;
			defaultConfigurationName = Release;
		};
		69DB53B118AA26D50083754B /* Build configuration list for PBXNativeTarget "DataCasterTests" */ = {
			isa = XCConfigurationList;
			buildConfigurations = (
				69DB53B218AA26D50083754B /* Debug */,
				69DB53B318AA26D50083754B /* Release */,
			);
			defaultConfigurationIsVisible = 0;
			defaultConfigurationName = Release;
		};
/* End XCConfigurationList section */
	};
	rootObject = 69DB537518AA26D40083754B /* Project object */;
}
